// !$*UTF8*$!
{
	archiveVersion = 1;
	classes = {
	};
	objectVersion = 46;
	objects = {

/* Begin PBXBuildFile section */
		8314B25514F7E94600261754 /* VideoDocumentController.m in Sources */ = {isa = PBXBuildFile; fileRef = 8314B25414F7E94500261754 /* VideoDocumentController.m */; };
		8314B27414F7F2F400261754 /* libdc1394.a in Frameworks */ = {isa = PBXBuildFile; fileRef = 8314B27314F7F2F400261754 /* libdc1394.a */; };
		8314B27614F7F37A00261754 /* libusb-1.0.dylib in Frameworks */ = {isa = PBXBuildFile; fileRef = 8314B27514F7F37A00261754 /* libusb-1.0.dylib */; };
		8314B27814F7F38700261754 /* IOKit.framework in Frameworks */ = {isa = PBXBuildFile; fileRef = 8314B27714F7F38700261754 /* IOKit.framework */; };
		8355AC1414F2DA9D007D4881 /* Cocoa.framework in Frameworks */ = {isa = PBXBuildFile; fileRef = 8355AC1314F2DA9D007D4881 /* Cocoa.framework */; };
		8355AC2014F2DA9D007D4881 /* main.m in Sources */ = {isa = PBXBuildFile; fileRef = 8355AC1F14F2DA9D007D4881 /* main.m */; };
		8355AC2714F2DA9D007D4881 /* AppDelegate.m in Sources */ = {isa = PBXBuildFile; fileRef = 8355AC2614F2DA9D007D4881 /* AppDelegate.m */; };
		8355AC3214F2DA9D007D4881 /* SenTestingKit.framework in Frameworks */ = {isa = PBXBuildFile; fileRef = 8355AC3114F2DA9D007D4881 /* SenTestingKit.framework */; };
		8355AC3314F2DA9D007D4881 /* Cocoa.framework in Frameworks */ = {isa = PBXBuildFile; fileRef = 8355AC1314F2DA9D007D4881 /* Cocoa.framework */; };
		8355AC3B14F2DA9D007D4881 /* InfoPlist.strings in Resources */ = {isa = PBXBuildFile; fileRef = 8355AC3914F2DA9D007D4881 /* InfoPlist.strings */; };
		8355AC3E14F2DA9D007D4881 /* SERPlayerTests.m in Sources */ = {isa = PBXBuildFile; fileRef = 8355AC3D14F2DA9D007D4881 /* SERPlayerTests.m */; };
		8355AC4C14F2DAEC007D4881 /* VideoView.m in Sources */ = {isa = PBXBuildFile; fileRef = 8355AC4814F2DAEC007D4881 /* VideoView.m */; };
		83AB9B0C14F329B500357901 /* Document.m in Sources */ = {isa = PBXBuildFile; fileRef = 83AB9B0B14F329B500357901 /* Document.m */; };
		83AB9B1614F329C900357901 /* Credits.rtf in Resources */ = {isa = PBXBuildFile; fileRef = 83AB9B0E14F329C900357901 /* Credits.rtf */; };
		83AB9B1714F329C900357901 /* Document.xib in Resources */ = {isa = PBXBuildFile; fileRef = 83AB9B1014F329C900357901 /* Document.xib */; };
		83AB9B1814F329C900357901 /* InfoPlist.strings in Resources */ = {isa = PBXBuildFile; fileRef = 83AB9B1214F329C900357901 /* InfoPlist.strings */; };
		83AB9B1914F329C900357901 /* MainMenu.xib in Resources */ = {isa = PBXBuildFile; fileRef = 83AB9B1414F329C900357901 /* MainMenu.xib */; };
		83AB9B1C14F3DA8700357901 /* VideoControlsView.m in Sources */ = {isa = PBXBuildFile; fileRef = 83AB9B1B14F3DA8600357901 /* VideoControlsView.m */; };
		83C754B714F823D2009F86BE /* CameraWindow.xib in Resources */ = {isa = PBXBuildFile; fileRef = 83C754B514F823D2009F86BE /* CameraWindow.xib */; };
		83C754BA14F8573A009F86BE /* DC1394.m in Sources */ = {isa = PBXBuildFile; fileRef = 83C754B914F8573A009F86BE /* DC1394.m */; };
		83C754BD14F8575C009F86BE /* DC1394Camera.m in Sources */ = {isa = PBXBuildFile; fileRef = 83C754BC14F8575C009F86BE /* DC1394Camera.m */; };
		83C754C014F874AD009F86BE /* DC1394Feature.m in Sources */ = {isa = PBXBuildFile; fileRef = 83C754BF14F874AD009F86BE /* DC1394Feature.m */; };
		83C754C514F91460009F86BE /* DC1394DefaultFeature.m in Sources */ = {isa = PBXBuildFile; fileRef = 83C754C414F91460009F86BE /* DC1394DefaultFeature.m */; };
		83C754C814F91484009F86BE /* DC1394TriggerFeature.m in Sources */ = {isa = PBXBuildFile; fileRef = 83C754C714F91484009F86BE /* DC1394TriggerFeature.m */; };
/* End PBXBuildFile section */

/* Begin PBXContainerItemProxy section */
		8355AC3414F2DA9D007D4881 /* PBXContainerItemProxy */ = {
			isa = PBXContainerItemProxy;
			containerPortal = 8355AC0614F2DA9D007D4881 /* Project object */;
			proxyType = 1;
			remoteGlobalIDString = 8355AC0E14F2DA9D007D4881;
			remoteInfo = SERPlayer;
		};
/* End PBXContainerItemProxy section */

/* Begin PBXFileReference section */
		8314B25314F7E94500261754 /* VideoDocumentController.h */ = {isa = PBXFileReference; fileEncoding = 4; lastKnownFileType = sourcecode.c.h; path = VideoDocumentController.h; sourceTree = "<group>"; };
		8314B25414F7E94500261754 /* VideoDocumentController.m */ = {isa = PBXFileReference; fileEncoding = 4; lastKnownFileType = sourcecode.c.objc; path = VideoDocumentController.m; sourceTree = "<group>"; };
		8314B25814F7EF6600261754 /* camera.h */ = {isa = PBXFileReference; fileEncoding = 4; lastKnownFileType = sourcecode.c.h; path = camera.h; sourceTree = "<group>"; };
		8314B25914F7EF6600261754 /* capture.h */ = {isa = PBXFileReference; fileEncoding = 4; lastKnownFileType = sourcecode.c.h; path = capture.h; sourceTree = "<group>"; };
		8314B25A14F7EF6600261754 /* control.h */ = {isa = PBXFileReference; fileEncoding = 4; lastKnownFileType = sourcecode.c.h; path = control.h; sourceTree = "<group>"; };
		8314B25B14F7EF6600261754 /* conversions.h */ = {isa = PBXFileReference; fileEncoding = 4; lastKnownFileType = sourcecode.c.h; path = conversions.h; sourceTree = "<group>"; };
		8314B25C14F7EF6600261754 /* dc1394.h */ = {isa = PBXFileReference; fileEncoding = 4; lastKnownFileType = sourcecode.c.h; path = dc1394.h; sourceTree = "<group>"; };
		8314B25D14F7EF6600261754 /* format7.h */ = {isa = PBXFileReference; fileEncoding = 4; lastKnownFileType = sourcecode.c.h; path = format7.h; sourceTree = "<group>"; };
		8314B25E14F7EF6600261754 /* iso.h */ = {isa = PBXFileReference; fileEncoding = 4; lastKnownFileType = sourcecode.c.h; path = iso.h; sourceTree = "<group>"; };
		8314B26114F7EF6600261754 /* log.h */ = {isa = PBXFileReference; fileEncoding = 4; lastKnownFileType = sourcecode.c.h; path = log.h; sourceTree = "<group>"; };
		8314B26314F7EF6600261754 /* capture.h */ = {isa = PBXFileReference; fileEncoding = 4; lastKnownFileType = sourcecode.c.h; path = capture.h; sourceTree = "<group>"; };
		8314B26414F7EF6600261754 /* register.h */ = {isa = PBXFileReference; fileEncoding = 4; lastKnownFileType = sourcecode.c.h; path = register.h; sourceTree = "<group>"; };
		8314B26514F7EF6600261754 /* types.h */ = {isa = PBXFileReference; fileEncoding = 4; lastKnownFileType = sourcecode.c.h; path = types.h; sourceTree = "<group>"; };
		8314B26714F7EF6600261754 /* utils.h */ = {isa = PBXFileReference; fileEncoding = 4; lastKnownFileType = sourcecode.c.h; path = utils.h; sourceTree = "<group>"; };
		8314B26914F7EF6600261754 /* avt.h */ = {isa = PBXFileReference; fileEncoding = 4; lastKnownFileType = sourcecode.c.h; path = avt.h; sourceTree = "<group>"; };
		8314B26A14F7EF6600261754 /* basler.h */ = {isa = PBXFileReference; fileEncoding = 4; lastKnownFileType = sourcecode.c.h; path = basler.h; sourceTree = "<group>"; };
		8314B26B14F7EF6600261754 /* basler_sff.h */ = {isa = PBXFileReference; fileEncoding = 4; lastKnownFileType = sourcecode.c.h; path = basler_sff.h; sourceTree = "<group>"; };
		8314B26C14F7EF6600261754 /* pixelink.h */ = {isa = PBXFileReference; fileEncoding = 4; lastKnownFileType = sourcecode.c.h; path = pixelink.h; sourceTree = "<group>"; };
		8314B26D14F7EF6600261754 /* video.h */ = {isa = PBXFileReference; fileEncoding = 4; lastKnownFileType = sourcecode.c.h; path = video.h; sourceTree = "<group>"; };
		8314B27314F7F2F400261754 /* libdc1394.a */ = {isa = PBXFileReference; lastKnownFileType = archive.ar; path = libdc1394.a; sourceTree = "<group>"; };
		8314B27514F7F37A00261754 /* libusb-1.0.dylib */ = {isa = PBXFileReference; lastKnownFileType = "compiled.mach-o.dylib"; name = "libusb-1.0.dylib"; path = "usr/local/lib/libusb-1.0.dylib"; sourceTree = SDKROOT; };
		8314B27714F7F38700261754 /* IOKit.framework */ = {isa = PBXFileReference; lastKnownFileType = wrapper.framework; name = IOKit.framework; path = System/Library/Frameworks/IOKit.framework; sourceTree = SDKROOT; };
		8355AC0F14F2DA9D007D4881 /* SERPlayer.app */ = {isa = PBXFileReference; explicitFileType = wrapper.application; includeInIndex = 0; path = SERPlayer.app; sourceTree = BUILT_PRODUCTS_DIR; };
		8355AC1314F2DA9D007D4881 /* Cocoa.framework */ = {isa = PBXFileReference; lastKnownFileType = wrapper.framework; name = Cocoa.framework; path = System/Library/Frameworks/Cocoa.framework; sourceTree = SDKROOT; };
		8355AC1614F2DA9D007D4881 /* AppKit.framework */ = {isa = PBXFileReference; lastKnownFileType = wrapper.framework; name = AppKit.framework; path = System/Library/Frameworks/AppKit.framework; sourceTree = SDKROOT; };
		8355AC1714F2DA9D007D4881 /* CoreData.framework */ = {isa = PBXFileReference; lastKnownFileType = wrapper.framework; name = CoreData.framework; path = System/Library/Frameworks/CoreData.framework; sourceTree = SDKROOT; };
		8355AC1814F2DA9D007D4881 /* Foundation.framework */ = {isa = PBXFileReference; lastKnownFileType = wrapper.framework; name = Foundation.framework; path = System/Library/Frameworks/Foundation.framework; sourceTree = SDKROOT; };
		8355AC1B14F2DA9D007D4881 /* SERPlayer-Info.plist */ = {isa = PBXFileReference; lastKnownFileType = text.plist.xml; path = "SERPlayer-Info.plist"; sourceTree = "<group>"; };
		8355AC1F14F2DA9D007D4881 /* main.m */ = {isa = PBXFileReference; lastKnownFileType = sourcecode.c.objc; path = main.m; sourceTree = "<group>"; };
		8355AC2114F2DA9D007D4881 /* SERPlayer-Prefix.pch */ = {isa = PBXFileReference; lastKnownFileType = sourcecode.c.h; path = "SERPlayer-Prefix.pch"; sourceTree = "<group>"; };
		8355AC2514F2DA9D007D4881 /* AppDelegate.h */ = {isa = PBXFileReference; lastKnownFileType = sourcecode.c.h; path = AppDelegate.h; sourceTree = "<group>"; };
		8355AC2614F2DA9D007D4881 /* AppDelegate.m */ = {isa = PBXFileReference; lastKnownFileType = sourcecode.c.objc; path = AppDelegate.m; sourceTree = "<group>"; };
		8355AC3014F2DA9D007D4881 /* SERPlayerTests.octest */ = {isa = PBXFileReference; explicitFileType = wrapper.cfbundle; includeInIndex = 0; path = SERPlayerTests.octest; sourceTree = BUILT_PRODUCTS_DIR; };
		8355AC3114F2DA9D007D4881 /* SenTestingKit.framework */ = {isa = PBXFileReference; lastKnownFileType = wrapper.framework; name = SenTestingKit.framework; path = Library/Frameworks/SenTestingKit.framework; sourceTree = DEVELOPER_DIR; };
		8355AC3814F2DA9D007D4881 /* SERPlayerTests-Info.plist */ = {isa = PBXFileReference; lastKnownFileType = text.plist.xml; path = "SERPlayerTests-Info.plist"; sourceTree = "<group>"; };
		8355AC3A14F2DA9D007D4881 /* en */ = {isa = PBXFileReference; lastKnownFileType = text.plist.strings; name = en; path = en.lproj/InfoPlist.strings; sourceTree = "<group>"; };
		8355AC3C14F2DA9D007D4881 /* SERPlayerTests.h */ = {isa = PBXFileReference; lastKnownFileType = sourcecode.c.h; path = SERPlayerTests.h; sourceTree = "<group>"; };
		8355AC3D14F2DA9D007D4881 /* SERPlayerTests.m */ = {isa = PBXFileReference; lastKnownFileType = sourcecode.c.objc; path = SERPlayerTests.m; sourceTree = "<group>"; };
		8355AC4714F2DAEC007D4881 /* VideoView.h */ = {isa = PBXFileReference; fileEncoding = 4; lastKnownFileType = sourcecode.c.h; path = VideoView.h; sourceTree = "<group>"; };
		8355AC4814F2DAEC007D4881 /* VideoView.m */ = {isa = PBXFileReference; fileEncoding = 4; lastKnownFileType = sourcecode.c.objc; path = VideoView.m; sourceTree = "<group>"; };
		8355AC5314F2E4E0007D4881 /* SER.h */ = {isa = PBXFileReference; fileEncoding = 4; lastKnownFileType = sourcecode.c.h; path = SER.h; sourceTree = "<group>"; };
		83AB9B0A14F329B500357901 /* Document.h */ = {isa = PBXFileReference; fileEncoding = 4; lastKnownFileType = sourcecode.c.h; path = Document.h; sourceTree = "<group>"; };
		83AB9B0B14F329B500357901 /* Document.m */ = {isa = PBXFileReference; fileEncoding = 4; lastKnownFileType = sourcecode.c.objc; path = Document.m; sourceTree = "<group>"; };
		83AB9B0F14F329C900357901 /* en */ = {isa = PBXFileReference; lastKnownFileType = text.rtf; name = en; path = Credits.rtf; sourceTree = "<group>"; };
		83AB9B1114F329C900357901 /* en */ = {isa = PBXFileReference; lastKnownFileType = file.xib; name = en; path = Document.xib; sourceTree = "<group>"; };
		83AB9B1314F329C900357901 /* en */ = {isa = PBXFileReference; lastKnownFileType = text.plist.strings; name = en; path = InfoPlist.strings; sourceTree = "<group>"; };
		83AB9B1514F329C900357901 /* en */ = {isa = PBXFileReference; lastKnownFileType = file.xib; name = en; path = MainMenu.xib; sourceTree = "<group>"; };
		83AB9B1A14F3DA8600357901 /* VideoControlsView.h */ = {isa = PBXFileReference; fileEncoding = 4; lastKnownFileType = sourcecode.c.h; path = VideoControlsView.h; sourceTree = "<group>"; };
		83AB9B1B14F3DA8600357901 /* VideoControlsView.m */ = {isa = PBXFileReference; fileEncoding = 4; lastKnownFileType = sourcecode.c.objc; path = VideoControlsView.m; sourceTree = "<group>"; };
		83C754B614F823D2009F86BE /* en */ = {isa = PBXFileReference; lastKnownFileType = file.xib; name = en; path = CameraWindow.xib; sourceTree = "<group>"; };
		83C754B814F8573A009F86BE /* DC1394.h */ = {isa = PBXFileReference; fileEncoding = 4; lastKnownFileType = sourcecode.c.h; path = DC1394.h; sourceTree = "<group>"; };
		83C754B914F8573A009F86BE /* DC1394.m */ = {isa = PBXFileReference; fileEncoding = 4; lastKnownFileType = sourcecode.c.objc; path = DC1394.m; sourceTree = "<group>"; };
		83C754BB14F8575C009F86BE /* DC1394Camera.h */ = {isa = PBXFileReference; fileEncoding = 4; lastKnownFileType = sourcecode.c.h; path = DC1394Camera.h; sourceTree = "<group>"; };
		83C754BC14F8575C009F86BE /* DC1394Camera.m */ = {isa = PBXFileReference; fileEncoding = 4; lastKnownFileType = sourcecode.c.objc; path = DC1394Camera.m; sourceTree = "<group>"; };
		83C754BE14F874AD009F86BE /* DC1394Feature.h */ = {isa = PBXFileReference; fileEncoding = 4; lastKnownFileType = sourcecode.c.h; path = DC1394Feature.h; sourceTree = "<group>"; };
		83C754BF14F874AD009F86BE /* DC1394Feature.m */ = {isa = PBXFileReference; fileEncoding = 4; lastKnownFileType = sourcecode.c.objc; path = DC1394Feature.m; sourceTree = "<group>"; };
		83C754C314F91460009F86BE /* DC1394DefaultFeature.h */ = {isa = PBXFileReference; fileEncoding = 4; lastKnownFileType = sourcecode.c.h; path = DC1394DefaultFeature.h; sourceTree = "<group>"; };
		83C754C414F91460009F86BE /* DC1394DefaultFeature.m */ = {isa = PBXFileReference; fileEncoding = 4; lastKnownFileType = sourcecode.c.objc; path = DC1394DefaultFeature.m; sourceTree = "<group>"; };
		83C754C614F91484009F86BE /* DC1394TriggerFeature.h */ = {isa = PBXFileReference; fileEncoding = 4; lastKnownFileType = sourcecode.c.h; path = DC1394TriggerFeature.h; sourceTree = "<group>"; };
		83C754C714F91484009F86BE /* DC1394TriggerFeature.m */ = {isa = PBXFileReference; fileEncoding = 4; lastKnownFileType = sourcecode.c.objc; path = DC1394TriggerFeature.m; sourceTree = "<group>"; };
/* End PBXFileReference section */

/* Begin PBXFrameworksBuildPhase section */
		8355AC0C14F2DA9D007D4881 /* Frameworks */ = {
			isa = PBXFrameworksBuildPhase;
			buildActionMask = 2147483647;
			files = (
				8314B27814F7F38700261754 /* IOKit.framework in Frameworks */,
				8314B27614F7F37A00261754 /* libusb-1.0.dylib in Frameworks */,
				8355AC1414F2DA9D007D4881 /* Cocoa.framework in Frameworks */,
				8314B27414F7F2F400261754 /* libdc1394.a in Frameworks */,
			);
			runOnlyForDeploymentPostprocessing = 0;
		};
		8355AC2C14F2DA9D007D4881 /* Frameworks */ = {
			isa = PBXFrameworksBuildPhase;
			buildActionMask = 2147483647;
			files = (
				8355AC3214F2DA9D007D4881 /* SenTestingKit.framework in Frameworks */,
				8355AC3314F2DA9D007D4881 /* Cocoa.framework in Frameworks */,
			);
			runOnlyForDeploymentPostprocessing = 0;
		};
/* End PBXFrameworksBuildPhase section */

/* Begin PBXGroup section */
		8314B25714F7EF6600261754 /* dc1394 */ = {
			isa = PBXGroup;
			children = (
				8314B27314F7F2F400261754 /* libdc1394.a */,
				8314B25814F7EF6600261754 /* camera.h */,
				8314B25914F7EF6600261754 /* capture.h */,
				8314B25A14F7EF6600261754 /* control.h */,
				8314B25B14F7EF6600261754 /* conversions.h */,
				8314B25C14F7EF6600261754 /* dc1394.h */,
				8314B25D14F7EF6600261754 /* format7.h */,
				8314B25E14F7EF6600261754 /* iso.h */,
				8314B25F14F7EF6600261754 /* juju */,
				8314B26014F7EF6600261754 /* linux */,
				8314B26114F7EF6600261754 /* log.h */,
				8314B26214F7EF6600261754 /* macosx */,
				8314B26414F7EF6600261754 /* register.h */,
				8314B26514F7EF6600261754 /* types.h */,
				8314B26614F7EF6600261754 /* usb */,
				8314B26714F7EF6600261754 /* utils.h */,
				8314B26814F7EF6600261754 /* vendor */,
				8314B26D14F7EF6600261754 /* video.h */,
			);
			path = dc1394;
			sourceTree = "<group>";
		};
		8314B25F14F7EF6600261754 /* juju */ = {
			isa = PBXGroup;
			children = (
			);
			path = juju;
			sourceTree = "<group>";
		};
		8314B26014F7EF6600261754 /* linux */ = {
			isa = PBXGroup;
			children = (
			);
			path = linux;
			sourceTree = "<group>";
		};
		8314B26214F7EF6600261754 /* macosx */ = {
			isa = PBXGroup;
			children = (
				8314B26314F7EF6600261754 /* capture.h */,
			);
			path = macosx;
			sourceTree = "<group>";
		};
		8314B26614F7EF6600261754 /* usb */ = {
			isa = PBXGroup;
			children = (
			);
			path = usb;
			sourceTree = "<group>";
		};
		8314B26814F7EF6600261754 /* vendor */ = {
			isa = PBXGroup;
			children = (
				8314B26914F7EF6600261754 /* avt.h */,
				8314B26A14F7EF6600261754 /* basler.h */,
				8314B26B14F7EF6600261754 /* basler_sff.h */,
				8314B26C14F7EF6600261754 /* pixelink.h */,
			);
			path = vendor;
			sourceTree = "<group>";
		};
		8355AC0414F2DA9D007D4881 = {
			isa = PBXGroup;
			children = (
				8314B27714F7F38700261754 /* IOKit.framework */,
				8314B27514F7F37A00261754 /* libusb-1.0.dylib */,
				8355AC1914F2DA9D007D4881 /* SERPlayer */,
				8355AC3614F2DA9D007D4881 /* SERPlayerTests */,
				8355AC1214F2DA9D007D4881 /* Frameworks */,
				8355AC1014F2DA9D007D4881 /* Products */,
			);
			sourceTree = "<group>";
		};
		8355AC1014F2DA9D007D4881 /* Products */ = {
			isa = PBXGroup;
			children = (
				8355AC0F14F2DA9D007D4881 /* SERPlayer.app */,
				8355AC3014F2DA9D007D4881 /* SERPlayerTests.octest */,
			);
			name = Products;
			sourceTree = "<group>";
		};
		8355AC1214F2DA9D007D4881 /* Frameworks */ = {
			isa = PBXGroup;
			children = (
				8355AC1314F2DA9D007D4881 /* Cocoa.framework */,
				8355AC3114F2DA9D007D4881 /* SenTestingKit.framework */,
				8355AC1514F2DA9D007D4881 /* Other Frameworks */,
			);
			name = Frameworks;
			sourceTree = "<group>";
		};
		8355AC1514F2DA9D007D4881 /* Other Frameworks */ = {
			isa = PBXGroup;
			children = (
				8314B25714F7EF6600261754 /* dc1394 */,
				8355AC1614F2DA9D007D4881 /* AppKit.framework */,
				8355AC1714F2DA9D007D4881 /* CoreData.framework */,
				8355AC1814F2DA9D007D4881 /* Foundation.framework */,
			);
			name = "Other Frameworks";
			sourceTree = "<group>";
		};
		8355AC1914F2DA9D007D4881 /* SERPlayer */ = {
			isa = PBXGroup;
			children = (
				83C754C214F9128D009F86BE /* DC1394 */,
				83AB9B0B14F329B500357901 /* Document.m */,
				83AB9B0A14F329B500357901 /* Document.h */,
				8355AC4714F2DAEC007D4881 /* VideoView.h */,
				8355AC4814F2DAEC007D4881 /* VideoView.m */,
				8355AC2514F2DA9D007D4881 /* AppDelegate.h */,
				8355AC2614F2DA9D007D4881 /* AppDelegate.m */,
				8355AC5314F2E4E0007D4881 /* SER.h */,
				8355AC1A14F2DA9D007D4881 /* Supporting Files */,
				83AB9B1A14F3DA8600357901 /* VideoControlsView.h */,
				83AB9B1B14F3DA8600357901 /* VideoControlsView.m */,
				8314B25314F7E94500261754 /* VideoDocumentController.h */,
				8314B25414F7E94500261754 /* VideoDocumentController.m */,
			);
			path = SERPlayer;
			sourceTree = "<group>";
		};
		8355AC1A14F2DA9D007D4881 /* Supporting Files */ = {
			isa = PBXGroup;
			children = (
				83AB9B0D14F329C900357901 /* en.lproj */,
				8355AC1B14F2DA9D007D4881 /* SERPlayer-Info.plist */,
				8355AC1F14F2DA9D007D4881 /* main.m */,
				8355AC2114F2DA9D007D4881 /* SERPlayer-Prefix.pch */,
			);
			name = "Supporting Files";
			sourceTree = "<group>";
		};
		8355AC3614F2DA9D007D4881 /* SERPlayerTests */ = {
			isa = PBXGroup;
			children = (
				8355AC3C14F2DA9D007D4881 /* SERPlayerTests.h */,
				8355AC3D14F2DA9D007D4881 /* SERPlayerTests.m */,
				8355AC3714F2DA9D007D4881 /* Supporting Files */,
			);
			path = SERPlayerTests;
			sourceTree = "<group>";
		};
		8355AC3714F2DA9D007D4881 /* Supporting Files */ = {
			isa = PBXGroup;
			children = (
				8355AC3814F2DA9D007D4881 /* SERPlayerTests-Info.plist */,
				8355AC3914F2DA9D007D4881 /* InfoPlist.strings */,
			);
			name = "Supporting Files";
			sourceTree = "<group>";
		};
		83AB9B0D14F329C900357901 /* en.lproj */ = {
			isa = PBXGroup;
			children = (
				83AB9B0E14F329C900357901 /* Credits.rtf */,
				83AB9B1014F329C900357901 /* Document.xib */,
				83AB9B1214F329C900357901 /* InfoPlist.strings */,
				83AB9B1414F329C900357901 /* MainMenu.xib */,
				83C754B514F823D2009F86BE /* CameraWindow.xib */,
			);
			path = en.lproj;
			sourceTree = "<group>";
		};
		83C754C114F91282009F86BE /* Features */ = {
			isa = PBXGroup;
			children = (
				83C754C314F91460009F86BE /* DC1394DefaultFeature.h */,
				83C754C414F91460009F86BE /* DC1394DefaultFeature.m */,
				83C754C614F91484009F86BE /* DC1394TriggerFeature.h */,
				83C754C714F91484009F86BE /* DC1394TriggerFeature.m */,
			);
			name = Features;
			sourceTree = "<group>";
		};
		83C754C214F9128D009F86BE /* DC1394 */ = {
			isa = PBXGroup;
			children = (
				83C754B814F8573A009F86BE /* DC1394.h */,
				83C754B914F8573A009F86BE /* DC1394.m */,
				83C754BE14F874AD009F86BE /* DC1394Feature.h */,
				83C754BF14F874AD009F86BE /* DC1394Feature.m */,
				83C754BB14F8575C009F86BE /* DC1394Camera.h */,
				83C754BC14F8575C009F86BE /* DC1394Camera.m */,
				83C754C114F91282009F86BE /* Features */,
			);
			name = DC1394;
			sourceTree = "<group>";
		};
/* End PBXGroup section */

/* Begin PBXNativeTarget section */
		8355AC0E14F2DA9D007D4881 /* SERPlayer */ = {
			isa = PBXNativeTarget;
			buildConfigurationList = 8355AC4114F2DA9D007D4881 /* Build configuration list for PBXNativeTarget "SERPlayer" */;
			buildPhases = (
				8355AC0B14F2DA9D007D4881 /* Sources */,
				8355AC0C14F2DA9D007D4881 /* Frameworks */,
				8355AC0D14F2DA9D007D4881 /* Resources */,
			);
			buildRules = (
			);
			dependencies = (
			);
			name = SERPlayer;
			productName = SERPlayer;
			productReference = 8355AC0F14F2DA9D007D4881 /* SERPlayer.app */;
			productType = "com.apple.product-type.application";
		};
		8355AC2F14F2DA9D007D4881 /* SERPlayerTests */ = {
			isa = PBXNativeTarget;
			buildConfigurationList = 8355AC4414F2DA9D007D4881 /* Build configuration list for PBXNativeTarget "SERPlayerTests" */;
			buildPhases = (
				8355AC2B14F2DA9D007D4881 /* Sources */,
				8355AC2C14F2DA9D007D4881 /* Frameworks */,
				8355AC2D14F2DA9D007D4881 /* Resources */,
				8355AC2E14F2DA9D007D4881 /* ShellScript */,
			);
			buildRules = (
			);
			dependencies = (
				8355AC3514F2DA9D007D4881 /* PBXTargetDependency */,
			);
			name = SERPlayerTests;
			productName = SERPlayerTests;
			productReference = 8355AC3014F2DA9D007D4881 /* SERPlayerTests.octest */;
			productType = "com.apple.product-type.bundle";
		};
/* End PBXNativeTarget section */

/* Begin PBXProject section */
		8355AC0614F2DA9D007D4881 /* Project object */ = {
			isa = PBXProject;
			attributes = {
				LastUpgradeCheck = 0420;
			};
			buildConfigurationList = 8355AC0914F2DA9D007D4881 /* Build configuration list for PBXProject "SERPlayer" */;
			compatibilityVersion = "Xcode 3.2";
			developmentRegion = English;
			hasScannedForEncodings = 0;
			knownRegions = (
				en,
			);
			mainGroup = 8355AC0414F2DA9D007D4881;
			productRefGroup = 8355AC1014F2DA9D007D4881 /* Products */;
			projectDirPath = "";
			projectRoot = "";
			targets = (
				8355AC0E14F2DA9D007D4881 /* SERPlayer */,
				8355AC2F14F2DA9D007D4881 /* SERPlayerTests */,
			);
		};
/* End PBXProject section */

/* Begin PBXResourcesBuildPhase section */
		8355AC0D14F2DA9D007D4881 /* Resources */ = {
			isa = PBXResourcesBuildPhase;
			buildActionMask = 2147483647;
			files = (
				83AB9B1614F329C900357901 /* Credits.rtf in Resources */,
				83AB9B1714F329C900357901 /* Document.xib in Resources */,
				83AB9B1814F329C900357901 /* InfoPlist.strings in Resources */,
				83AB9B1914F329C900357901 /* MainMenu.xib in Resources */,
				83C754B714F823D2009F86BE /* CameraWindow.xib in Resources */,
			);
			runOnlyForDeploymentPostprocessing = 0;
		};
		8355AC2D14F2DA9D007D4881 /* Resources */ = {
			isa = PBXResourcesBuildPhase;
			buildActionMask = 2147483647;
			files = (
				8355AC3B14F2DA9D007D4881 /* InfoPlist.strings in Resources */,
			);
			runOnlyForDeploymentPostprocessing = 0;
		};
/* End PBXResourcesBuildPhase section */

/* Begin PBXShellScriptBuildPhase section */
		8355AC2E14F2DA9D007D4881 /* ShellScript */ = {
			isa = PBXShellScriptBuildPhase;
			buildActionMask = 2147483647;
			files = (
			);
			inputPaths = (
			);
			outputPaths = (
			);
			runOnlyForDeploymentPostprocessing = 0;
			shellPath = /bin/sh;
			shellScript = "# Run the unit tests in this test bundle.\n\"${SYSTEM_DEVELOPER_DIR}/Tools/RunUnitTests\"\n";
		};
/* End PBXShellScriptBuildPhase section */

/* Begin PBXSourcesBuildPhase section */
		8355AC0B14F2DA9D007D4881 /* Sources */ = {
			isa = PBXSourcesBuildPhase;
			buildActionMask = 2147483647;
			files = (
				8355AC2014F2DA9D007D4881 /* main.m in Sources */,
				8355AC2714F2DA9D007D4881 /* AppDelegate.m in Sources */,
				8355AC4C14F2DAEC007D4881 /* VideoView.m in Sources */,
				83AB9B0C14F329B500357901 /* Document.m in Sources */,
				83AB9B1C14F3DA8700357901 /* VideoControlsView.m in Sources */,
				8314B25514F7E94600261754 /* VideoDocumentController.m in Sources */,
				83C754BA14F8573A009F86BE /* DC1394.m in Sources */,
				83C754BD14F8575C009F86BE /* DC1394Camera.m in Sources */,
				83C754C014F874AD009F86BE /* DC1394Feature.m in Sources */,
				83C754C514F91460009F86BE /* DC1394DefaultFeature.m in Sources */,
				83C754C814F91484009F86BE /* DC1394TriggerFeature.m in Sources */,
			);
			runOnlyForDeploymentPostprocessing = 0;
		};
		8355AC2B14F2DA9D007D4881 /* Sources */ = {
			isa = PBXSourcesBuildPhase;
			buildActionMask = 2147483647;
			files = (
				8355AC3E14F2DA9D007D4881 /* SERPlayerTests.m in Sources */,
			);
			runOnlyForDeploymentPostprocessing = 0;
		};
/* End PBXSourcesBuildPhase section */

/* Begin PBXTargetDependency section */
		8355AC3514F2DA9D007D4881 /* PBXTargetDependency */ = {
			isa = PBXTargetDependency;
			target = 8355AC0E14F2DA9D007D4881 /* SERPlayer */;
			targetProxy = 8355AC3414F2DA9D007D4881 /* PBXContainerItemProxy */;
		};
/* End PBXTargetDependency section */

/* Begin PBXVariantGroup section */
		8355AC3914F2DA9D007D4881 /* InfoPlist.strings */ = {
			isa = PBXVariantGroup;
			children = (
				8355AC3A14F2DA9D007D4881 /* en */,
			);
			name = InfoPlist.strings;
			sourceTree = "<group>";
		};
		83AB9B0E14F329C900357901 /* Credits.rtf */ = {
			isa = PBXVariantGroup;
			children = (
				83AB9B0F14F329C900357901 /* en */,
			);
			name = Credits.rtf;
			sourceTree = "<group>";
		};
		83AB9B1014F329C900357901 /* Document.xib */ = {
			isa = PBXVariantGroup;
			children = (
				83AB9B1114F329C900357901 /* en */,
			);
			name = Document.xib;
			sourceTree = "<group>";
		};
		83AB9B1214F329C900357901 /* InfoPlist.strings */ = {
			isa = PBXVariantGroup;
			children = (
				83AB9B1314F329C900357901 /* en */,
			);
			name = InfoPlist.strings;
			sourceTree = "<group>";
		};
		83AB9B1414F329C900357901 /* MainMenu.xib */ = {
			isa = PBXVariantGroup;
			children = (
				83AB9B1514F329C900357901 /* en */,
			);
			name = MainMenu.xib;
			sourceTree = "<group>";
		};
		83C754B514F823D2009F86BE /* CameraWindow.xib */ = {
			isa = PBXVariantGroup;
			children = (
				83C754B614F823D2009F86BE /* en */,
			);
			name = CameraWindow.xib;
			sourceTree = "<group>";
		};
/* End PBXVariantGroup section */

/* Begin XCBuildConfiguration section */
		8355AC3F14F2DA9D007D4881 /* Debug */ = {
			isa = XCBuildConfiguration;
			buildSettings = {
				ALWAYS_SEARCH_USER_PATHS = YES;
				ARCHS = "$(ARCHS_STANDARD_64_BIT)";
				CLANG_ENABLE_OBJC_ARC = YES;
				COPY_PHASE_STRIP = NO;
				GCC_C_LANGUAGE_STANDARD = gnu99;
				GCC_DYNAMIC_NO_PIC = NO;
				GCC_ENABLE_OBJC_EXCEPTIONS = YES;
				GCC_OPTIMIZATION_LEVEL = 0;
				GCC_PREPROCESSOR_DEFINITIONS = (
					"DEBUG=1",
					"$(inherited)",
				);
				GCC_SYMBOLS_PRIVATE_EXTERN = NO;
				GCC_VERSION = com.apple.compilers.llvm.clang.1_0;
				GCC_WARN_64_TO_32_BIT_CONVERSION = YES;
				GCC_WARN_ABOUT_MISSING_PROTOTYPES = YES;
				GCC_WARN_ABOUT_RETURN_TYPE = YES;
				GCC_WARN_UNUSED_VARIABLE = YES;
				HEADER_SEARCH_PATHS = (
					"$(inherited)",
					/Applications/Xcode.app/Contents/Developer/Toolchains/XcodeDefault.xctoolchain/usr/include,
					/usr/local/include,
				);
				LIBRARY_SEARCH_PATHS = (
					/usr/local/lib,
					/usr/local/Cellar/libusb/1.0.19/lib/,
				);
				MACOSX_DEPLOYMENT_TARGET = 10.7;
				ONLY_ACTIVE_ARCH = YES;
				SDKROOT = "";
			};
			name = Debug;
		};
		8355AC4014F2DA9D007D4881 /* Release */ = {
			isa = XCBuildConfiguration;
			buildSettings = {
				ALWAYS_SEARCH_USER_PATHS = YES;
				ARCHS = "$(ARCHS_STANDARD_64_BIT)";
				CLANG_ENABLE_OBJC_ARC = YES;
				COPY_PHASE_STRIP = YES;
				DEBUG_INFORMATION_FORMAT = "dwarf-with-dsym";
				GCC_C_LANGUAGE_STANDARD = gnu99;
				GCC_ENABLE_OBJC_EXCEPTIONS = YES;
				GCC_VERSION = com.apple.compilers.llvm.clang.1_0;
				GCC_WARN_64_TO_32_BIT_CONVERSION = YES;
				GCC_WARN_ABOUT_MISSING_PROTOTYPES = YES;
				GCC_WARN_ABOUT_RETURN_TYPE = YES;
				GCC_WARN_UNUSED_VARIABLE = YES;
				HEADER_SEARCH_PATHS = (
					"$(inherited)",
					/Applications/Xcode.app/Contents/Developer/Toolchains/XcodeDefault.xctoolchain/usr/include,
					/usr/local/include,
				);
				LIBRARY_SEARCH_PATHS = (
					/usr/local/lib,
					/usr/local/Cellar/libusb/1.0.19/lib/,
				);
				MACOSX_DEPLOYMENT_TARGET = 10.7;
				SDKROOT = "";
			};
			name = Release;
		};
		8355AC4214F2DA9D007D4881 /* Debug */ = {
			isa = XCBuildConfiguration;
			buildSettings = {
				GCC_PRECOMPILE_PREFIX_HEADER = YES;
				GCC_PREFIX_HEADER = "SERPlayer/SERPlayer-Prefix.pch";
				INFOPLIST_FILE = "SERPlayer/SERPlayer-Info.plist";
				LIBRARY_SEARCH_PATHS = (
					"$(inherited)",
					"\"$(SRCROOT)/dc1394\"",
				);
				PRODUCT_NAME = "$(TARGET_NAME)";
				WRAPPER_EXTENSION = app;
			};
			name = Debug;
		};
		8355AC4314F2DA9D007D4881 /* Release */ = {
			isa = XCBuildConfiguration;
			buildSettings = {
				GCC_PRECOMPILE_PREFIX_HEADER = YES;
				GCC_PREFIX_HEADER = "SERPlayer/SERPlayer-Prefix.pch";
				INFOPLIST_FILE = "SERPlayer/SERPlayer-Info.plist";
				LIBRARY_SEARCH_PATHS = (
					"$(inherited)",
					"\"$(SRCROOT)/dc1394\"",
				);
				PRODUCT_NAME = "$(TARGET_NAME)";
				WRAPPER_EXTENSION = app;
			};
			name = Release;
		};
		8355AC4514F2DA9D007D4881 /* Debug */ = {
			isa = XCBuildConfiguration;
			buildSettings = {
				BUNDLE_LOADER = "$(BUILT_PRODUCTS_DIR)/SERPlayer.app/Contents/MacOS/SERPlayer";
				FRAMEWORK_SEARCH_PATHS = "$(DEVELOPER_LIBRARY_DIR)/Frameworks";
				GCC_PRECOMPILE_PREFIX_HEADER = YES;
				GCC_PREFIX_HEADER = "SERPlayer/SERPlayer-Prefix.pch";
				INFOPLIST_FILE = "SERPlayerTests/SERPlayerTests-Info.plist";
				PRODUCT_NAME = "$(TARGET_NAME)";
				TEST_HOST = "$(BUNDLE_LOADER)";
				WRAPPER_EXTENSION = octest;
			};
			name = Debug;
		};
		8355AC4614F2DA9D007D4881 /* Release */ = {
			isa = XCBuildConfiguration;
			buildSettings = {
				BUNDLE_LOADER = "$(BUILT_PRODUCTS_DIR)/SERPlayer.app/Contents/MacOS/SERPlayer";
				FRAMEWORK_SEARCH_PATHS = "$(DEVELOPER_LIBRARY_DIR)/Frameworks";
				GCC_PRECOMPILE_PREFIX_HEADER = YES;
				GCC_PREFIX_HEADER = "SERPlayer/SERPlayer-Prefix.pch";
				INFOPLIST_FILE = "SERPlayerTests/SERPlayerTests-Info.plist";
				PRODUCT_NAME = "$(TARGET_NAME)";
				TEST_HOST = "$(BUNDLE_LOADER)";
				WRAPPER_EXTENSION = octest;
			};
			name = Release;
		};
/* End XCBuildConfiguration section */

/* Begin XCConfigurationList section */
		8355AC0914F2DA9D007D4881 /* Build configuration list for PBXProject "SERPlayer" */ = {
			isa = XCConfigurationList;
			buildConfigurations = (
				8355AC3F14F2DA9D007D4881 /* Debug */,
				8355AC4014F2DA9D007D4881 /* Release */,
			);
			defaultConfigurationIsVisible = 0;
			defaultConfigurationName = Release;
		};
		8355AC4114F2DA9D007D4881 /* Build configuration list for PBXNativeTarget "SERPlayer" */ = {
			isa = XCConfigurationList;
			buildConfigurations = (
				8355AC4214F2DA9D007D4881 /* Debug */,
				8355AC4314F2DA9D007D4881 /* Release */,
			);
			defaultConfigurationIsVisible = 0;
			defaultConfigurationName = Release;
		};
		8355AC4414F2DA9D007D4881 /* Build configuration list for PBXNativeTarget "SERPlayerTests" */ = {
			isa = XCConfigurationList;
			buildConfigurations = (
				8355AC4514F2DA9D007D4881 /* Debug */,
				8355AC4614F2DA9D007D4881 /* Release */,
			);
			defaultConfigurationIsVisible = 0;
			defaultConfigurationName = Release;
		};
/* End XCConfigurationList section */
	};
	rootObject = 8355AC0614F2DA9D007D4881 /* Project object */;
}
