// !$*UTF8*$!
{
	archiveVersion = 1;
	classes = {
	};
	objectVersion = 46;
	objects = {

/* Begin PBXBuildFile section */
		8355AC1414F2DA9D007D4881 /* Cocoa.framework in Frameworks */ = {isa = PBXBuildFile; fileRef = 8355AC1314F2DA9D007D4881 /* Cocoa.framework */; };
		8355AC1E14F2DA9D007D4881 /* InfoPlist.strings in Resources */ = {isa = PBXBuildFile; fileRef = 8355AC1C14F2DA9D007D4881 /* InfoPlist.strings */; };
		8355AC2014F2DA9D007D4881 /* main.m in Sources */ = {isa = PBXBuildFile; fileRef = 8355AC1F14F2DA9D007D4881 /* main.m */; };
		8355AC2414F2DA9D007D4881 /* Credits.rtf in Resources */ = {isa = PBXBuildFile; fileRef = 8355AC2214F2DA9D007D4881 /* Credits.rtf */; };
		8355AC2714F2DA9D007D4881 /* AppDelegate.m in Sources */ = {isa = PBXBuildFile; fileRef = 8355AC2614F2DA9D007D4881 /* AppDelegate.m */; };
		8355AC2A14F2DA9D007D4881 /* MainMenu.xib in Resources */ = {isa = PBXBuildFile; fileRef = 8355AC2814F2DA9D007D4881 /* MainMenu.xib */; };
		8355AC3214F2DA9D007D4881 /* SenTestingKit.framework in Frameworks */ = {isa = PBXBuildFile; fileRef = 8355AC3114F2DA9D007D4881 /* SenTestingKit.framework */; };
		8355AC3314F2DA9D007D4881 /* Cocoa.framework in Frameworks */ = {isa = PBXBuildFile; fileRef = 8355AC1314F2DA9D007D4881 /* Cocoa.framework */; };
		8355AC3B14F2DA9D007D4881 /* InfoPlist.strings in Resources */ = {isa = PBXBuildFile; fileRef = 8355AC3914F2DA9D007D4881 /* InfoPlist.strings */; };
		8355AC3E14F2DA9D007D4881 /* SERPlayerTests.m in Sources */ = {isa = PBXBuildFile; fileRef = 8355AC3D14F2DA9D007D4881 /* SERPlayerTests.m */; };
		8355AC4C14F2DAEC007D4881 /* VideoView.m in Sources */ = {isa = PBXBuildFile; fileRef = 8355AC4814F2DAEC007D4881 /* VideoView.m */; };
		8355AC4D14F2DAEC007D4881 /* VideoViewController.m in Sources */ = {isa = PBXBuildFile; fileRef = 8355AC4A14F2DAEC007D4881 /* VideoViewController.m */; };
		8355AC4E14F2DAEC007D4881 /* VideoViewController.xib in Resources */ = {isa = PBXBuildFile; fileRef = 8355AC4B14F2DAEC007D4881 /* VideoViewController.xib */; };
/* End PBXBuildFile section */

/* Begin PBXContainerItemProxy section */
		8355AC3414F2DA9D007D4881 /* PBXContainerItemProxy */ = {
			isa = PBXContainerItemProxy;
			containerPortal = 8355AC0614F2DA9D007D4881 /* Project object */;
			proxyType = 1;
			remoteGlobalIDString = 8355AC0E14F2DA9D007D4881;
			remoteInfo = SERPlayer;
		};
/* End PBXContainerItemProxy section */

/* Begin PBXFileReference section */
		8355AC0F14F2DA9D007D4881 /* SERPlayer.app */ = {isa = PBXFileReference; explicitFileType = wrapper.application; includeInIndex = 0; path = SERPlayer.app; sourceTree = BUILT_PRODUCTS_DIR; };
		8355AC1314F2DA9D007D4881 /* Cocoa.framework */ = {isa = PBXFileReference; lastKnownFileType = wrapper.framework; name = Cocoa.framework; path = System/Library/Frameworks/Cocoa.framework; sourceTree = SDKROOT; };
		8355AC1614F2DA9D007D4881 /* AppKit.framework */ = {isa = PBXFileReference; lastKnownFileType = wrapper.framework; name = AppKit.framework; path = System/Library/Frameworks/AppKit.framework; sourceTree = SDKROOT; };
		8355AC1714F2DA9D007D4881 /* CoreData.framework */ = {isa = PBXFileReference; lastKnownFileType = wrapper.framework; name = CoreData.framework; path = System/Library/Frameworks/CoreData.framework; sourceTree = SDKROOT; };
		8355AC1814F2DA9D007D4881 /* Foundation.framework */ = {isa = PBXFileReference; lastKnownFileType = wrapper.framework; name = Foundation.framework; path = System/Library/Frameworks/Foundation.framework; sourceTree = SDKROOT; };
		8355AC1B14F2DA9D007D4881 /* SERPlayer-Info.plist */ = {isa = PBXFileReference; lastKnownFileType = text.plist.xml; path = "SERPlayer-Info.plist"; sourceTree = "<group>"; };
		8355AC1D14F2DA9D007D4881 /* en */ = {isa = PBXFileReference; lastKnownFileType = text.plist.strings; name = en; path = en.lproj/InfoPlist.strings; sourceTree = "<group>"; };
		8355AC1F14F2DA9D007D4881 /* main.m */ = {isa = PBXFileReference; lastKnownFileType = sourcecode.c.objc; path = main.m; sourceTree = "<group>"; };
		8355AC2114F2DA9D007D4881 /* SERPlayer-Prefix.pch */ = {isa = PBXFileReference; lastKnownFileType = sourcecode.c.h; path = "SERPlayer-Prefix.pch"; sourceTree = "<group>"; };
		8355AC2314F2DA9D007D4881 /* en */ = {isa = PBXFileReference; lastKnownFileType = text.rtf; name = en; path = en.lproj/Credits.rtf; sourceTree = "<group>"; };
		8355AC2514F2DA9D007D4881 /* AppDelegate.h */ = {isa = PBXFileReference; lastKnownFileType = sourcecode.c.h; path = AppDelegate.h; sourceTree = "<group>"; };
		8355AC2614F2DA9D007D4881 /* AppDelegate.m */ = {isa = PBXFileReference; lastKnownFileType = sourcecode.c.objc; path = AppDelegate.m; sourceTree = "<group>"; };
		8355AC2914F2DA9D007D4881 /* en */ = {isa = PBXFileReference; lastKnownFileType = file.xib; name = en; path = en.lproj/MainMenu.xib; sourceTree = "<group>"; };
		8355AC3014F2DA9D007D4881 /* SERPlayerTests.octest */ = {isa = PBXFileReference; explicitFileType = wrapper.cfbundle; includeInIndex = 0; path = SERPlayerTests.octest; sourceTree = BUILT_PRODUCTS_DIR; };
		8355AC3114F2DA9D007D4881 /* SenTestingKit.framework */ = {isa = PBXFileReference; lastKnownFileType = wrapper.framework; name = SenTestingKit.framework; path = Library/Frameworks/SenTestingKit.framework; sourceTree = DEVELOPER_DIR; };
		8355AC3814F2DA9D007D4881 /* SERPlayerTests-Info.plist */ = {isa = PBXFileReference; lastKnownFileType = text.plist.xml; path = "SERPlayerTests-Info.plist"; sourceTree = "<group>"; };
		8355AC3A14F2DA9D007D4881 /* en */ = {isa = PBXFileReference; lastKnownFileType = text.plist.strings; name = en; path = en.lproj/InfoPlist.strings; sourceTree = "<group>"; };
		8355AC3C14F2DA9D007D4881 /* SERPlayerTests.h */ = {isa = PBXFileReference; lastKnownFileType = sourcecode.c.h; path = SERPlayerTests.h; sourceTree = "<group>"; };
		8355AC3D14F2DA9D007D4881 /* SERPlayerTests.m */ = {isa = PBXFileReference; lastKnownFileType = sourcecode.c.objc; path = SERPlayerTests.m; sourceTree = "<group>"; };
		8355AC4714F2DAEC007D4881 /* VideoView.h */ = {isa = PBXFileReference; fileEncoding = 4; lastKnownFileType = sourcecode.c.h; path = VideoView.h; sourceTree = "<group>"; };
		8355AC4814F2DAEC007D4881 /* VideoView.m */ = {isa = PBXFileReference; fileEncoding = 4; lastKnownFileType = sourcecode.c.objc; path = VideoView.m; sourceTree = "<group>"; };
		8355AC4914F2DAEC007D4881 /* VideoViewController.h */ = {isa = PBXFileReference; fileEncoding = 4; lastKnownFileType = sourcecode.c.h; path = VideoViewController.h; sourceTree = "<group>"; };
		8355AC4A14F2DAEC007D4881 /* VideoViewController.m */ = {isa = PBXFileReference; fileEncoding = 4; lastKnownFileType = sourcecode.c.objc; path = VideoViewController.m; sourceTree = "<group>"; };
		8355AC4B14F2DAEC007D4881 /* VideoViewController.xib */ = {isa = PBXFileReference; fileEncoding = 4; lastKnownFileType = file.xib; path = VideoViewController.xib; sourceTree = "<group>"; };
/* End PBXFileReference section */

/* Begin PBXFrameworksBuildPhase section */
		8355AC0C14F2DA9D007D4881 /* Frameworks */ = {
			isa = PBXFrameworksBuildPhase;
			buildActionMask = 2147483647;
			files = (
				8355AC1414F2DA9D007D4881 /* Cocoa.framework in Frameworks */,
			);
			runOnlyForDeploymentPostprocessing = 0;
		};
		8355AC2C14F2DA9D007D4881 /* Frameworks */ = {
			isa = PBXFrameworksBuildPhase;
			buildActionMask = 2147483647;
			files = (
				8355AC3214F2DA9D007D4881 /* SenTestingKit.framework in Frameworks */,
				8355AC3314F2DA9D007D4881 /* Cocoa.framework in Frameworks */,
			);
			runOnlyForDeploymentPostprocessing = 0;
		};
/* End PBXFrameworksBuildPhase section */

/* Begin PBXGroup section */
		8355AC0414F2DA9D007D4881 = {
			isa = PBXGroup;
			children = (
				8355AC1914F2DA9D007D4881 /* SERPlayer */,
				8355AC3614F2DA9D007D4881 /* SERPlayerTests */,
				8355AC1214F2DA9D007D4881 /* Frameworks */,
				8355AC1014F2DA9D007D4881 /* Products */,
			);
			sourceTree = "<group>";
		};
		8355AC1014F2DA9D007D4881 /* Products */ = {
			isa = PBXGroup;
			children = (
				8355AC0F14F2DA9D007D4881 /* SERPlayer.app */,
				8355AC3014F2DA9D007D4881 /* SERPlayerTests.octest */,
			);
			name = Products;
			sourceTree = "<group>";
		};
		8355AC1214F2DA9D007D4881 /* Frameworks */ = {
			isa = PBXGroup;
			children = (
				8355AC1314F2DA9D007D4881 /* Cocoa.framework */,
				8355AC3114F2DA9D007D4881 /* SenTestingKit.framework */,
				8355AC1514F2DA9D007D4881 /* Other Frameworks */,
			);
			name = Frameworks;
			sourceTree = "<group>";
		};
		8355AC1514F2DA9D007D4881 /* Other Frameworks */ = {
			isa = PBXGroup;
			children = (
				8355AC1614F2DA9D007D4881 /* AppKit.framework */,
				8355AC1714F2DA9D007D4881 /* CoreData.framework */,
				8355AC1814F2DA9D007D4881 /* Foundation.framework */,
			);
			name = "Other Frameworks";
			sourceTree = "<group>";
		};
		8355AC1914F2DA9D007D4881 /* SERPlayer */ = {
			isa = PBXGroup;
			children = (
				8355AC4714F2DAEC007D4881 /* VideoView.h */,
				8355AC4814F2DAEC007D4881 /* VideoView.m */,
				8355AC4914F2DAEC007D4881 /* VideoViewController.h */,
				8355AC4A14F2DAEC007D4881 /* VideoViewController.m */,
				8355AC4B14F2DAEC007D4881 /* VideoViewController.xib */,
				8355AC2514F2DA9D007D4881 /* AppDelegate.h */,
				8355AC2614F2DA9D007D4881 /* AppDelegate.m */,
				8355AC2814F2DA9D007D4881 /* MainMenu.xib */,
				8355AC1A14F2DA9D007D4881 /* Supporting Files */,
			);
			path = SERPlayer;
			sourceTree = "<group>";
		};
		8355AC1A14F2DA9D007D4881 /* Supporting Files */ = {
			isa = PBXGroup;
			children = (
				8355AC1B14F2DA9D007D4881 /* SERPlayer-Info.plist */,
				8355AC1C14F2DA9D007D4881 /* InfoPlist.strings */,
				8355AC1F14F2DA9D007D4881 /* main.m */,
				8355AC2114F2DA9D007D4881 /* SERPlayer-Prefix.pch */,
				8355AC2214F2DA9D007D4881 /* Credits.rtf */,
			);
			name = "Supporting Files";
			sourceTree = "<group>";
		};
		8355AC3614F2DA9D007D4881 /* SERPlayerTests */ = {
			isa = PBXGroup;
			children = (
				8355AC3C14F2DA9D007D4881 /* SERPlayerTests.h */,
				8355AC3D14F2DA9D007D4881 /* SERPlayerTests.m */,
				8355AC3714F2DA9D007D4881 /* Supporting Files */,
			);
			path = SERPlayerTests;
			sourceTree = "<group>";
		};
		8355AC3714F2DA9D007D4881 /* Supporting Files */ = {
			isa = PBXGroup;
			children = (
				8355AC3814F2DA9D007D4881 /* SERPlayerTests-Info.plist */,
				8355AC3914F2DA9D007D4881 /* InfoPlist.strings */,
			);
			name = "Supporting Files";
			sourceTree = "<group>";
		};
/* End PBXGroup section */

/* Begin PBXNativeTarget section */
		8355AC0E14F2DA9D007D4881 /* SERPlayer */ = {
			isa = PBXNativeTarget;
			buildConfigurationList = 8355AC4114F2DA9D007D4881 /* Build configuration list for PBXNativeTarget "SERPlayer" */;
			buildPhases = (
				8355AC0B14F2DA9D007D4881 /* Sources */,
				8355AC0C14F2DA9D007D4881 /* Frameworks */,
				8355AC0D14F2DA9D007D4881 /* Resources */,
			);
			buildRules = (
			);
			dependencies = (
			);
			name = SERPlayer;
			productName = SERPlayer;
			productReference = 8355AC0F14F2DA9D007D4881 /* SERPlayer.app */;
			productType = "com.apple.product-type.application";
		};
		8355AC2F14F2DA9D007D4881 /* SERPlayerTests */ = {
			isa = PBXNativeTarget;
			buildConfigurationList = 8355AC4414F2DA9D007D4881 /* Build configuration list for PBXNativeTarget "SERPlayerTests" */;
			buildPhases = (
				8355AC2B14F2DA9D007D4881 /* Sources */,
				8355AC2C14F2DA9D007D4881 /* Frameworks */,
				8355AC2D14F2DA9D007D4881 /* Resources */,
				8355AC2E14F2DA9D007D4881 /* ShellScript */,
			);
			buildRules = (
			);
			dependencies = (
				8355AC3514F2DA9D007D4881 /* PBXTargetDependency */,
			);
			name = SERPlayerTests;
			productName = SERPlayerTests;
			productReference = 8355AC3014F2DA9D007D4881 /* SERPlayerTests.octest */;
			productType = "com.apple.product-type.bundle";
		};
/* End PBXNativeTarget section */

/* Begin PBXProject section */
		8355AC0614F2DA9D007D4881 /* Project object */ = {
			isa = PBXProject;
			attributes = {
				LastUpgradeCheck = 0420;
			};
			buildConfigurationList = 8355AC0914F2DA9D007D4881 /* Build configuration list for PBXProject "SERPlayer" */;
			compatibilityVersion = "Xcode 3.2";
			developmentRegion = English;
			hasScannedForEncodings = 0;
			knownRegions = (
				en,
			);
			mainGroup = 8355AC0414F2DA9D007D4881;
			productRefGroup = 8355AC1014F2DA9D007D4881 /* Products */;
			projectDirPath = "";
			projectRoot = "";
			targets = (
				8355AC0E14F2DA9D007D4881 /* SERPlayer */,
				8355AC2F14F2DA9D007D4881 /* SERPlayerTests */,
			);
		};
/* End PBXProject section */

/* Begin PBXResourcesBuildPhase section */
		8355AC0D14F2DA9D007D4881 /* Resources */ = {
			isa = PBXResourcesBuildPhase;
			buildActionMask = 2147483647;
			files = (
				8355AC1E14F2DA9D007D4881 /* InfoPlist.strings in Resources */,
				8355AC2414F2DA9D007D4881 /* Credits.rtf in Resources */,
				8355AC2A14F2DA9D007D4881 /* MainMenu.xib in Resources */,
				8355AC4E14F2DAEC007D4881 /* VideoViewController.xib in Resources */,
			);
			runOnlyForDeploymentPostprocessing = 0;
		};
		8355AC2D14F2DA9D007D4881 /* Resources */ = {
			isa = PBXResourcesBuildPhase;
			buildActionMask = 2147483647;
			files = (
				8355AC3B14F2DA9D007D4881 /* InfoPlist.strings in Resources */,
			);
			runOnlyForDeploymentPostprocessing = 0;
		};
/* End PBXResourcesBuildPhase section */

/* Begin PBXShellScriptBuildPhase section */
		8355AC2E14F2DA9D007D4881 /* ShellScript */ = {
			isa = PBXShellScriptBuildPhase;
			buildActionMask = 2147483647;
			files = (
			);
			inputPaths = (
			);
			outputPaths = (
			);
			runOnlyForDeploymentPostprocessing = 0;
			shellPath = /bin/sh;
			shellScript = "# Run the unit tests in this test bundle.\n\"${SYSTEM_DEVELOPER_DIR}/Tools/RunUnitTests\"\n";
		};
/* End PBXShellScriptBuildPhase section */

/* Begin PBXSourcesBuildPhase section */
		8355AC0B14F2DA9D007D4881 /* Sources */ = {
			isa = PBXSourcesBuildPhase;
			buildActionMask = 2147483647;
			files = (
				8355AC2014F2DA9D007D4881 /* main.m in Sources */,
				8355AC2714F2DA9D007D4881 /* AppDelegate.m in Sources */,
				8355AC4C14F2DAEC007D4881 /* VideoView.m in Sources */,
				8355AC4D14F2DAEC007D4881 /* VideoViewController.m in Sources */,
			);
			runOnlyForDeploymentPostprocessing = 0;
		};
		8355AC2B14F2DA9D007D4881 /* Sources */ = {
			isa = PBXSourcesBuildPhase;
			buildActionMask = 2147483647;
			files = (
				8355AC3E14F2DA9D007D4881 /* SERPlayerTests.m in Sources */,
			);
			runOnlyForDeploymentPostprocessing = 0;
		};
/* End PBXSourcesBuildPhase section */

/* Begin PBXTargetDependency section */
		8355AC3514F2DA9D007D4881 /* PBXTargetDependency */ = {
			isa = PBXTargetDependency;
			target = 8355AC0E14F2DA9D007D4881 /* SERPlayer */;
			targetProxy = 8355AC3414F2DA9D007D4881 /* PBXContainerItemProxy */;
		};
/* End PBXTargetDependency section */

/* Begin PBXVariantGroup section */
		8355AC1C14F2DA9D007D4881 /* InfoPlist.strings */ = {
			isa = PBXVariantGroup;
			children = (
				8355AC1D14F2DA9D007D4881 /* en */,
			);
			name = InfoPlist.strings;
			sourceTree = "<group>";
		};
		8355AC2214F2DA9D007D4881 /* Credits.rtf */ = {
			isa = PBXVariantGroup;
			children = (
				8355AC2314F2DA9D007D4881 /* en */,
			);
			name = Credits.rtf;
			sourceTree = "<group>";
		};
		8355AC2814F2DA9D007D4881 /* MainMenu.xib */ = {
			isa = PBXVariantGroup;
			children = (
				8355AC2914F2DA9D007D4881 /* en */,
			);
			name = MainMenu.xib;
			sourceTree = "<group>";
		};
		8355AC3914F2DA9D007D4881 /* InfoPlist.strings */ = {
			isa = PBXVariantGroup;
			children = (
				8355AC3A14F2DA9D007D4881 /* en */,
			);
			name = InfoPlist.strings;
			sourceTree = "<group>";
		};
/* End PBXVariantGroup section */

/* Begin XCBuildConfiguration section */
		8355AC3F14F2DA9D007D4881 /* Debug */ = {
			isa = XCBuildConfiguration;
			buildSettings = {
				ALWAYS_SEARCH_USER_PATHS = NO;
				ARCHS = "$(ARCHS_STANDARD_64_BIT)";
				CLANG_ENABLE_OBJC_ARC = YES;
				COPY_PHASE_STRIP = NO;
				GCC_C_LANGUAGE_STANDARD = gnu99;
				GCC_DYNAMIC_NO_PIC = NO;
				GCC_ENABLE_OBJC_EXCEPTIONS = YES;
				GCC_OPTIMIZATION_LEVEL = 0;
				GCC_PREPROCESSOR_DEFINITIONS = (
					"DEBUG=1",
					"$(inherited)",
				);
				GCC_SYMBOLS_PRIVATE_EXTERN = NO;
				GCC_VERSION = com.apple.compilers.llvm.clang.1_0;
				GCC_WARN_64_TO_32_BIT_CONVERSION = YES;
				GCC_WARN_ABOUT_MISSING_PROTOTYPES = YES;
				GCC_WARN_ABOUT_RETURN_TYPE = YES;
				GCC_WARN_UNUSED_VARIABLE = YES;
				MACOSX_DEPLOYMENT_TARGET = 10.7;
				ONLY_ACTIVE_ARCH = YES;
				SDKROOT = macosx;
			};
			name = Debug;
		};
		8355AC4014F2DA9D007D4881 /* Release */ = {
			isa = XCBuildConfiguration;
			buildSettings = {
				ALWAYS_SEARCH_USER_PATHS = NO;
				ARCHS = "$(ARCHS_STANDARD_64_BIT)";
				CLANG_ENABLE_OBJC_ARC = YES;
				COPY_PHASE_STRIP = YES;
				DEBUG_INFORMATION_FORMAT = "dwarf-with-dsym";
				GCC_C_LANGUAGE_STANDARD = gnu99;
				GCC_ENABLE_OBJC_EXCEPTIONS = YES;
				GCC_VERSION = com.apple.compilers.llvm.clang.1_0;
				GCC_WARN_64_TO_32_BIT_CONVERSION = YES;
				GCC_WARN_ABOUT_MISSING_PROTOTYPES = YES;
				GCC_WARN_ABOUT_RETURN_TYPE = YES;
				GCC_WARN_UNUSED_VARIABLE = YES;
				MACOSX_DEPLOYMENT_TARGET = 10.7;
				SDKROOT = macosx;
			};
			name = Release;
		};
		8355AC4214F2DA9D007D4881 /* Debug */ = {
			isa = XCBuildConfiguration;
			buildSettings = {
				GCC_PRECOMPILE_PREFIX_HEADER = YES;
				GCC_PREFIX_HEADER = "SERPlayer/SERPlayer-Prefix.pch";
				INFOPLIST_FILE = "SERPlayer/SERPlayer-Info.plist";
				PRODUCT_NAME = "$(TARGET_NAME)";
				WRAPPER_EXTENSION = app;
			};
			name = Debug;
		};
		8355AC4314F2DA9D007D4881 /* Release */ = {
			isa = XCBuildConfiguration;
			buildSettings = {
				GCC_PRECOMPILE_PREFIX_HEADER = YES;
				GCC_PREFIX_HEADER = "SERPlayer/SERPlayer-Prefix.pch";
				INFOPLIST_FILE = "SERPlayer/SERPlayer-Info.plist";
				PRODUCT_NAME = "$(TARGET_NAME)";
				WRAPPER_EXTENSION = app;
			};
			name = Release;
		};
		8355AC4514F2DA9D007D4881 /* Debug */ = {
			isa = XCBuildConfiguration;
			buildSettings = {
				BUNDLE_LOADER = "$(BUILT_PRODUCTS_DIR)/SERPlayer.app/Contents/MacOS/SERPlayer";
				FRAMEWORK_SEARCH_PATHS = "$(DEVELOPER_LIBRARY_DIR)/Frameworks";
				GCC_PRECOMPILE_PREFIX_HEADER = YES;
				GCC_PREFIX_HEADER = "SERPlayer/SERPlayer-Prefix.pch";
				INFOPLIST_FILE = "SERPlayerTests/SERPlayerTests-Info.plist";
				PRODUCT_NAME = "$(TARGET_NAME)";
				TEST_HOST = "$(BUNDLE_LOADER)";
				WRAPPER_EXTENSION = octest;
			};
			name = Debug;
		};
		8355AC4614F2DA9D007D4881 /* Release */ = {
			isa = XCBuildConfiguration;
			buildSettings = {
				BUNDLE_LOADER = "$(BUILT_PRODUCTS_DIR)/SERPlayer.app/Contents/MacOS/SERPlayer";
				FRAMEWORK_SEARCH_PATHS = "$(DEVELOPER_LIBRARY_DIR)/Frameworks";
				GCC_PRECOMPILE_PREFIX_HEADER = YES;
				GCC_PREFIX_HEADER = "SERPlayer/SERPlayer-Prefix.pch";
				INFOPLIST_FILE = "SERPlayerTests/SERPlayerTests-Info.plist";
				PRODUCT_NAME = "$(TARGET_NAME)";
				TEST_HOST = "$(BUNDLE_LOADER)";
				WRAPPER_EXTENSION = octest;
			};
			name = Release;
		};
/* End XCBuildConfiguration section */

/* Begin XCConfigurationList section */
		8355AC0914F2DA9D007D4881 /* Build configuration list for PBXProject "SERPlayer" */ = {
			isa = XCConfigurationList;
			buildConfigurations = (
				8355AC3F14F2DA9D007D4881 /* Debug */,
				8355AC4014F2DA9D007D4881 /* Release */,
			);
			defaultConfigurationIsVisible = 0;
			defaultConfigurationName = Release;
		};
		8355AC4114F2DA9D007D4881 /* Build configuration list for PBXNativeTarget "SERPlayer" */ = {
			isa = XCConfigurationList;
			buildConfigurations = (
				8355AC4214F2DA9D007D4881 /* Debug */,
				8355AC4314F2DA9D007D4881 /* Release */,
			);
			defaultConfigurationIsVisible = 0;
		};
		8355AC4414F2DA9D007D4881 /* Build configuration list for PBXNativeTarget "SERPlayerTests" */ = {
			isa = XCConfigurationList;
			buildConfigurations = (
				8355AC4514F2DA9D007D4881 /* Debug */,
				8355AC4614F2DA9D007D4881 /* Release */,
			);
			defaultConfigurationIsVisible = 0;
		};
/* End XCConfigurationList section */
	};
	rootObject = 8355AC0614F2DA9D007D4881 /* Project object */;
}
